
Microsoft Visual Studio Solution File, Format Version 12.00
# Visual Studio 15
VisualStudioVersion = 15.0.28307.421
MinimumVisualStudioVersion = 10.0.40219.1
Project("{FAE04EC0-301F-11D3-BF4B-00C04F79EFBC}") = "liquid_crystal", "liquid_crystal\liquid_crystal.csproj", "{4F747643-305A-49A9-B865-84CF0897914B}"
EndProject
Global
	GlobalSection(SolutionConfigurationPlatforms) = preSolution
		Debug|Any CPU = Debug|Any CPU
		Release|Any CPU = Release|Any CPU
	EndGlobalSection
	GlobalSection(ProjectConfigurationPlatforms) = postSolution
		{4F747643-305A-49A9-B865-84CF0897914B}.Debug|Any CPU.ActiveCfg = Debug|Any CPU
		{4F747643-305A-49A9-B865-84CF0897914B}.Debug|Any CPU.Build.0 = Debug|Any CPU
		{4F747643-305A-49A9-B865-84CF0897914B}.Release|Any CPU.ActiveCfg = Release|Any CPU
		{4F747643-305A-49A9-B865-84CF0897914B}.Release|Any CPU.Build.0 = Release|Any CPU
	EndGlobalSection
	GlobalSection(SolutionProperties) = preSolution
		HideSolutionNode = FALSE
	EndGlobalSection
	GlobalSection(ExtensibilityGlobals) = postSolution
		SolutionGuid = {CD825EDE-A79F-42DE-B61B-9AA5EC9DDA94}
	EndGlobalSection
EndGlobal
