
Microsoft Visual Studio Solution File, Format Version 12.00
# Visual Studio 15
VisualStudioVersion = 15.0.28307.421
MinimumVisualStudioVersion = 10.0.40219.1
Project("{FAE04EC0-301F-11D3-BF4B-00C04F79EFBC}") = "接口小结", "接口小结\接口小结.csproj", "{1DFAF8A2-6B0E-4FB3-9932-14D085C58D87}"
EndProject
Global
	GlobalSection(SolutionConfigurationPlatforms) = preSolution
		Debug|Any CPU = Debug|Any CPU
		Release|Any CPU = Release|Any CPU
	EndGlobalSection
	GlobalSection(ProjectConfigurationPlatforms) = postSolution
		{1DFAF8A2-6B0E-4FB3-9932-14D085C58D87}.Debug|Any CPU.ActiveCfg = Debug|Any CPU
		{1DFAF8A2-6B0E-4FB3-9932-14D085C58D87}.Debug|Any CPU.Build.0 = Debug|Any CPU
		{1DFAF8A2-6B0E-4FB3-9932-14D085C58D87}.Release|Any CPU.ActiveCfg = Release|Any CPU
		{1DFAF8A2-6B0E-4FB3-9932-14D085C58D87}.Release|Any CPU.Build.0 = Release|Any CPU
	EndGlobalSection
	GlobalSection(SolutionProperties) = preSolution
		HideSolutionNode = FALSE
	EndGlobalSection
	GlobalSection(ExtensibilityGlobals) = postSolution
		SolutionGuid = {F65CDC6A-7BE2-4F15-81AA-DDED62818C94}
	EndGlobalSection
EndGlobal
